
Microsoft Visual Studio Solution File, Format Version 12.00
# Visual Studio Version 16
VisualStudioVersion = 16.0.31025.194
MinimumVisualStudioVersion = 10.0.40219.1
Project("{FAE04EC0-301F-11D3-BF4B-00C04F79EFBC}") = "Parcial1_VictorCastro", "Parcial1_VictorCastro\Parcial1_VictorCastro.csproj", "{2FA9EEE2-498E-4BD1-A738-D938E7A9002E}"
EndProject
Global
	GlobalSection(SolutionConfigurationPlatforms) = preSolution
		Debug|Any CPU = Debug|Any CPU
		Release|Any CPU = Release|Any CPU
	EndGlobalSection
	GlobalSection(ProjectConfigurationPlatforms) = postSolution
		{2FA9EEE2-498E-4BD1-A738-D938E7A9002E}.Debug|Any CPU.ActiveCfg = Debug|Any CPU
		{2FA9EEE2-498E-4BD1-A738-D938E7A9002E}.Debug|Any CPU.Build.0 = Debug|Any CPU
		{2FA9EEE2-498E-4BD1-A738-D938E7A9002E}.Release|Any CPU.ActiveCfg = Release|Any CPU
		{2FA9EEE2-498E-4BD1-A738-D938E7A9002E}.Release|Any CPU.Build.0 = Release|Any CPU
	EndGlobalSection
	GlobalSection(SolutionProperties) = preSolution
		HideSolutionNode = FALSE
	EndGlobalSection
	GlobalSection(ExtensibilityGlobals) = postSolution
		SolutionGuid = {74FF9B3A-445C-44AC-A746-050D67DE10DA}
	EndGlobalSection
EndGlobal
